
Microsoft Visual Studio Solution File, Format Version 12.00
# Visual Studio Version 17
VisualStudioVersion = 17.13.35825.156 d17.13
MinimumVisualStudioVersion = 10.0.40219.1
Project("{FAE04EC0-301F-11D3-BF4B-00C04F79EFBC}") = "BucleWhile", "BucleWhile\BucleWhile.csproj", "{1BFB1DF6-3F09-44FA-9642-02D2F628F518}"
EndProject
Global
	GlobalSection(SolutionConfigurationPlatforms) = preSolution
		Debug|Any CPU = Debug|Any CPU
		Release|Any CPU = Release|Any CPU
	EndGlobalSection
	GlobalSection(ProjectConfigurationPlatforms) = postSolution
		{1BFB1DF6-3F09-44FA-9642-02D2F628F518}.Debug|Any CPU.ActiveCfg = Debug|Any CPU
		{1BFB1DF6-3F09-44FA-9642-02D2F628F518}.Debug|Any CPU.Build.0 = Debug|Any CPU
		{1BFB1DF6-3F09-44FA-9642-02D2F628F518}.Release|Any CPU.ActiveCfg = Release|Any CPU
		{1BFB1DF6-3F09-44FA-9642-02D2F628F518}.Release|Any CPU.Build.0 = Release|Any CPU
	EndGlobalSection
	GlobalSection(SolutionProperties) = preSolution
		HideSolutionNode = FALSE
	EndGlobalSection
	GlobalSection(ExtensibilityGlobals) = postSolution
		SolutionGuid = {48B2922C-5924-4B4B-8474-9EFA8C735983}
	EndGlobalSection
EndGlobal
