
Microsoft Visual Studio Solution File, Format Version 12.00
# Visual Studio Version 17
VisualStudioVersion = 17.13.35825.156 d17.13
MinimumVisualStudioVersion = 10.0.40219.1
Project("{FAE04EC0-301F-11D3-BF4B-00C04F79EFBC}") = "ConversionDeTextoANumero", "ConversionDeTextoANumero\ConversionDeTextoANumero.csproj", "{3BF92CF0-74DE-4605-8DF2-ACD040F95426}"
EndProject
Global
	GlobalSection(SolutionConfigurationPlatforms) = preSolution
		Debug|Any CPU = Debug|Any CPU
		Release|Any CPU = Release|Any CPU
	EndGlobalSection
	GlobalSection(ProjectConfigurationPlatforms) = postSolution
		{3BF92CF0-74DE-4605-8DF2-ACD040F95426}.Debug|Any CPU.ActiveCfg = Debug|Any CPU
		{3BF92CF0-74DE-4605-8DF2-ACD040F95426}.Debug|Any CPU.Build.0 = Debug|Any CPU
		{3BF92CF0-74DE-4605-8DF2-ACD040F95426}.Release|Any CPU.ActiveCfg = Release|Any CPU
		{3BF92CF0-74DE-4605-8DF2-ACD040F95426}.Release|Any CPU.Build.0 = Release|Any CPU
	EndGlobalSection
	GlobalSection(SolutionProperties) = preSolution
		HideSolutionNode = FALSE
	EndGlobalSection
	GlobalSection(ExtensibilityGlobals) = postSolution
		SolutionGuid = {D66C54A0-94F3-4F7C-B339-5DAFAEA6EE95}
	EndGlobalSection
EndGlobal
